
Microsoft Visual Studio Solution File, Format Version 12.00
# Visual Studio 15
VisualStudioVersion = 15.0.27703.2000
MinimumVisualStudioVersion = 10.0.40219.1
Project("{9A19103F-16F7-4668-BE54-9A1E7A4F7556}") = "CreateNewImage", "CreateNewImage\CreateNewImage.csproj", "{A52CEEDB-D08B-438B-A6E8-3562E5915BFE}"
EndProject
Project("{9A19103F-16F7-4668-BE54-9A1E7A4F7556}") = "Image.Core", "Image.Core\Image.Core.csproj", "{06CCA7DE-1F52-48E7-9FA1-D837BE0DA686}"
EndProject
Project("{9A19103F-16F7-4668-BE54-9A1E7A4F7556}") = "Image.Calendar.Google", "Image.Calendar\Image.Calendar.Google.csproj", "{F8FC2B84-72E8-4C6B-98D7-79593309E5FB}"
EndProject
Project("{9A19103F-16F7-4668-BE54-9A1E7A4F7556}") = "Image.Statics", "Image.Statics\Image.Statics.csproj", "{B97A0561-EF1F-478C-9505-41CE8EC37BF2}"
EndProject
Project("{FAE04EC0-301F-11D3-BF4B-00C04F79EFBC}") = "Image.ShoppingList", "Image.ShoppingList\Image.ShoppingList.csproj", "{E1AA73E5-323F-42A5-84F4-F4FA42DB0E45}"
EndProject
Global
	GlobalSection(SolutionConfigurationPlatforms) = preSolution
		Debug|Any CPU = Debug|Any CPU
		Release|Any CPU = Release|Any CPU
	EndGlobalSection
	GlobalSection(ProjectConfigurationPlatforms) = postSolution
		{A52CEEDB-D08B-438B-A6E8-3562E5915BFE}.Debug|Any CPU.ActiveCfg = Debug|Any CPU
		{A52CEEDB-D08B-438B-A6E8-3562E5915BFE}.Debug|Any CPU.Build.0 = Debug|Any CPU
		{A52CEEDB-D08B-438B-A6E8-3562E5915BFE}.Release|Any CPU.ActiveCfg = Release|Any CPU
		{A52CEEDB-D08B-438B-A6E8-3562E5915BFE}.Release|Any CPU.Build.0 = Release|Any CPU
		{06CCA7DE-1F52-48E7-9FA1-D837BE0DA686}.Debug|Any CPU.ActiveCfg = Debug|Any CPU
		{06CCA7DE-1F52-48E7-9FA1-D837BE0DA686}.Debug|Any CPU.Build.0 = Debug|Any CPU
		{06CCA7DE-1F52-48E7-9FA1-D837BE0DA686}.Release|Any CPU.ActiveCfg = Release|Any CPU
		{06CCA7DE-1F52-48E7-9FA1-D837BE0DA686}.Release|Any CPU.Build.0 = Release|Any CPU
		{F8FC2B84-72E8-4C6B-98D7-79593309E5FB}.Debug|Any CPU.ActiveCfg = Debug|Any CPU
		{F8FC2B84-72E8-4C6B-98D7-79593309E5FB}.Debug|Any CPU.Build.0 = Debug|Any CPU
		{F8FC2B84-72E8-4C6B-98D7-79593309E5FB}.Release|Any CPU.ActiveCfg = Release|Any CPU
		{F8FC2B84-72E8-4C6B-98D7-79593309E5FB}.Release|Any CPU.Build.0 = Release|Any CPU
		{B97A0561-EF1F-478C-9505-41CE8EC37BF2}.Debug|Any CPU.ActiveCfg = Debug|Any CPU
		{B97A0561-EF1F-478C-9505-41CE8EC37BF2}.Debug|Any CPU.Build.0 = Debug|Any CPU
		{B97A0561-EF1F-478C-9505-41CE8EC37BF2}.Release|Any CPU.ActiveCfg = Release|Any CPU
		{B97A0561-EF1F-478C-9505-41CE8EC37BF2}.Release|Any CPU.Build.0 = Release|Any CPU
		{E1AA73E5-323F-42A5-84F4-F4FA42DB0E45}.Debug|Any CPU.ActiveCfg = Debug|Any CPU
		{E1AA73E5-323F-42A5-84F4-F4FA42DB0E45}.Debug|Any CPU.Build.0 = Debug|Any CPU
		{E1AA73E5-323F-42A5-84F4-F4FA42DB0E45}.Release|Any CPU.ActiveCfg = Release|Any CPU
		{E1AA73E5-323F-42A5-84F4-F4FA42DB0E45}.Release|Any CPU.Build.0 = Release|Any CPU
	EndGlobalSection
	GlobalSection(SolutionProperties) = preSolution
		HideSolutionNode = FALSE
	EndGlobalSection
	GlobalSection(ExtensibilityGlobals) = postSolution
		SolutionGuid = {8EEDE17A-5A34-4319-8535-540ECAEBA9BB}
	EndGlobalSection
EndGlobal
